// !$*UTF8*$!
{
	archiveVersion = 1;
	classes = {
	};
	objectVersion = 56;
	objects = {

/* Begin PBXBuildFile section */
		867FC2E12CDB8E7500E8B4E0 /* Colors.xcassets in Resources */ = {isa = PBXBuildFile; fileRef = 867FC2E02CDB8E7500E8B4E0 /* Colors.xcassets */; };
		867FC2ED2CDB8FCD00E8B4E0 /* LoginController.swift in Sources */ = {isa = PBXBuildFile; fileRef = 867FC2EC2CDB8FCD00E8B4E0 /* LoginController.swift */; };
		86C0F0562CDA410800A61EB7 /* AppDelegate.swift in Sources */ = {isa = PBXBuildFile; fileRef = 86C0F0552CDA410800A61EB7 /* AppDelegate.swift */; };
		86C0F0582CDA410800A61EB7 /* SceneDelegate.swift in Sources */ = {isa = PBXBuildFile; fileRef = 86C0F0572CDA410800A61EB7 /* SceneDelegate.swift */; };
		86C0F05A2CDA410800A61EB7 /* RegisterController.swift in Sources */ = {isa = PBXBuildFile; fileRef = 86C0F0592CDA410800A61EB7 /* RegisterController.swift */; };
		86C0F05F2CDA410900A61EB7 /* Assets.xcassets in Resources */ = {isa = PBXBuildFile; fileRef = 86C0F05E2CDA410900A61EB7 /* Assets.xcassets */; };
		86C0F0702CDA634700A61EB7 /* RealmSwift in Frameworks */ = {isa = PBXBuildFile; productRef = 86C0F06F2CDA634700A61EB7 /* RealmSwift */; };
		86C0F0742CDA66C700A61EB7 /* BaseViewController.swift in Sources */ = {isa = PBXBuildFile; fileRef = 86C0F0732CDA66C700A61EB7 /* BaseViewController.swift */; };
		86C0F0762CDA823600A61EB7 /* Register.swift in Sources */ = {isa = PBXBuildFile; fileRef = 86C0F0752CDA823600A61EB7 /* Register.swift */; };
		86C0F07C2CDA861700A61EB7 /* Extension.swift in Sources */ = {isa = PBXBuildFile; fileRef = 86C0F07B2CDA861700A61EB7 /* Extension.swift */; };
/* End PBXBuildFile section */

/* Begin PBXCopyFilesBuildPhase section */
		86C0F0722CDA634700A61EB7 /* Embed Frameworks */ = {
			isa = PBXCopyFilesBuildPhase;
			buildActionMask = 2147483647;
			dstPath = "";
			dstSubfolderSpec = 10;
			files = (
			);
			name = "Embed Frameworks";
			runOnlyForDeploymentPostprocessing = 0;
		};
/* End PBXCopyFilesBuildPhase section */

/* Begin PBXFileReference section */
		867FC2E02CDB8E7500E8B4E0 /* Colors.xcassets */ = {isa = PBXFileReference; lastKnownFileType = folder.assetcatalog; path = Colors.xcassets; sourceTree = "<group>"; };
		867FC2EC2CDB8FCD00E8B4E0 /* LoginController.swift */ = {isa = PBXFileReference; lastKnownFileType = sourcecode.swift; path = LoginController.swift; sourceTree = "<group>"; };
		867FC2EE2CDD30C500E8B4E0 /* BankingApp.app */ = {isa = PBXFileReference; explicitFileType = wrapper.application; includeInIndex = 0; path = BankingApp.app; sourceTree = BUILT_PRODUCTS_DIR; };
		86C0F0552CDA410800A61EB7 /* AppDelegate.swift */ = {isa = PBXFileReference; lastKnownFileType = sourcecode.swift; path = AppDelegate.swift; sourceTree = "<group>"; };
		86C0F0572CDA410800A61EB7 /* SceneDelegate.swift */ = {isa = PBXFileReference; lastKnownFileType = sourcecode.swift; path = SceneDelegate.swift; sourceTree = "<group>"; };
		86C0F0592CDA410800A61EB7 /* RegisterController.swift */ = {isa = PBXFileReference; lastKnownFileType = sourcecode.swift; path = RegisterController.swift; sourceTree = "<group>"; };
		86C0F05E2CDA410900A61EB7 /* Assets.xcassets */ = {isa = PBXFileReference; lastKnownFileType = folder.assetcatalog; path = Assets.xcassets; sourceTree = "<group>"; };
		86C0F0632CDA410900A61EB7 /* Info.plist */ = {isa = PBXFileReference; lastKnownFileType = text.plist.xml; path = Info.plist; sourceTree = "<group>"; };
		86C0F0732CDA66C700A61EB7 /* BaseViewController.swift */ = {isa = PBXFileReference; lastKnownFileType = sourcecode.swift; path = BaseViewController.swift; sourceTree = "<group>"; };
		86C0F0752CDA823600A61EB7 /* Register.swift */ = {isa = PBXFileReference; lastKnownFileType = sourcecode.swift; path = Register.swift; sourceTree = "<group>"; };
		86C0F07B2CDA861700A61EB7 /* Extension.swift */ = {isa = PBXFileReference; lastKnownFileType = sourcecode.swift; path = Extension.swift; sourceTree = "<group>"; };
		86CDC37F2CDE214400DCD5FA /* Launch Screen.storyboard */ = {isa = PBXFileReference; lastKnownFileType = file.storyboard; path = "Launch Screen.storyboard"; sourceTree = "<group>"; };
/* End PBXFileReference section */

/* Begin PBXFrameworksBuildPhase section */
		86C0F04F2CDA410800A61EB7 /* Frameworks */ = {
			isa = PBXFrameworksBuildPhase;
			buildActionMask = 2147483647;
			files = (
				86C0F0702CDA634700A61EB7 /* RealmSwift in Frameworks */,
			);
			runOnlyForDeploymentPostprocessing = 0;
		};
/* End PBXFrameworksBuildPhase section */

/* Begin PBXGroup section */
		867FC2DE2CDB8E1D00E8B4E0 /* App */ = {
			isa = PBXGroup;
			children = (
				86C0F0552CDA410800A61EB7 /* AppDelegate.swift */,
				86C0F0572CDA410800A61EB7 /* SceneDelegate.swift */,
			);
			path = App;
			sourceTree = "<group>";
		};
		867FC2DF2CDB8E3200E8B4E0 /* Resources */ = {
			isa = PBXGroup;
			children = (
				86C0F05E2CDA410900A61EB7 /* Assets.xcassets */,
				867FC2E02CDB8E7500E8B4E0 /* Colors.xcassets */,
			);
			path = Resources;
			sourceTree = "<group>";
		};
		867FC2E22CDB8E9200E8B4E0 /* Helpers */ = {
			isa = PBXGroup;
			children = (
				867FC2E32CDB8E9B00E8B4E0 /* Extensions */,
			);
			path = Helpers;
			sourceTree = "<group>";
		};
		867FC2E32CDB8E9B00E8B4E0 /* Extensions */ = {
			isa = PBXGroup;
			children = (
				86C0F07B2CDA861700A61EB7 /* Extension.swift */,
			);
			path = Extensions;
			sourceTree = "<group>";
		};
		867FC2E42CDB8ED600E8B4E0 /* Business */ = {
			isa = PBXGroup;
			children = (
				867FC2E62CDB8EE600E8B4E0 /* Core */,
				867FC2E92CDB8F0A00E8B4E0 /* Auth */,
			);
			path = Business;
			sourceTree = "<group>";
		};
		867FC2E62CDB8EE600E8B4E0 /* Core */ = {
			isa = PBXGroup;
			children = (
				86C0F0732CDA66C700A61EB7 /* BaseViewController.swift */,
			);
			path = Core;
			sourceTree = "<group>";
		};
		867FC2E92CDB8F0A00E8B4E0 /* Auth */ = {
			isa = PBXGroup;
			children = (
				867FC2EA2CDB8F3800E8B4E0 /* Controllers */,
				867FC2EB2CDB8F4000E8B4E0 /* Models */,
			);
			path = Auth;
			sourceTree = "<group>";
		};
		867FC2EA2CDB8F3800E8B4E0 /* Controllers */ = {
			isa = PBXGroup;
			children = (
				86C0F0592CDA410800A61EB7 /* RegisterController.swift */,
				867FC2EC2CDB8FCD00E8B4E0 /* LoginController.swift */,
			);
			path = Controllers;
			sourceTree = "<group>";
		};
		867FC2EB2CDB8F4000E8B4E0 /* Models */ = {
			isa = PBXGroup;
			children = (
				86C0F0752CDA823600A61EB7 /* Register.swift */,
			);
			path = Models;
			sourceTree = "<group>";
		};
		86C0F0492CDA410800A61EB7 = {
			isa = PBXGroup;
			children = (
				86C0F0542CDA410800A61EB7 /* BankingApp */,
				867FC2EE2CDD30C500E8B4E0 /* BankingApp.app */,
			);
			sourceTree = "<group>";
		};
		86C0F0542CDA410800A61EB7 /* BankingApp */ = {
			isa = PBXGroup;
			children = (
				86C0F0632CDA410900A61EB7 /* Info.plist */,
				867FC2DE2CDB8E1D00E8B4E0 /* App */,
				867FC2E42CDB8ED600E8B4E0 /* Business */,
				867FC2E22CDB8E9200E8B4E0 /* Helpers */,
				867FC2DF2CDB8E3200E8B4E0 /* Resources */,
				86CDC37F2CDE214400DCD5FA /* Launch Screen.storyboard */,
			);
			path = BankingApp;
			sourceTree = "<group>";
		};
/* End PBXGroup section */

/* Begin PBXNativeTarget section */
		86C0F0512CDA410800A61EB7 /* BankingApp */ = {
			isa = PBXNativeTarget;
			buildConfigurationList = 86C0F0662CDA410900A61EB7 /* Build configuration list for PBXNativeTarget "BankingApp" */;
			buildPhases = (
				86C0F04E2CDA410800A61EB7 /* Sources */,
				86C0F04F2CDA410800A61EB7 /* Frameworks */,
				86C0F0502CDA410800A61EB7 /* Resources */,
				86C0F0722CDA634700A61EB7 /* Embed Frameworks */,
			);
			buildRules = (
			);
			dependencies = (
			);
			name = BankingApp;
			packageProductDependencies = (
				86C0F06F2CDA634700A61EB7 /* RealmSwift */,
			);
			productName = BankingApp;
			productReference = 867FC2EE2CDD30C500E8B4E0 /* BankingApp.app */;
			productType = "com.apple.product-type.application";
		};
/* End PBXNativeTarget section */

/* Begin PBXProject section */
		86C0F04A2CDA410800A61EB7 /* Project object */ = {
			isa = PBXProject;
			attributes = {
				BuildIndependentTargetsInParallel = 1;
				LastSwiftUpdateCheck = 1540;
				LastUpgradeCheck = 1540;
				TargetAttributes = {
					86C0F0512CDA410800A61EB7 = {
						CreatedOnToolsVersion = 15.4;
					};
				};
			};
			buildConfigurationList = 86C0F04D2CDA410800A61EB7 /* Build configuration list for PBXProject "BankingApp" */;
			compatibilityVersion = "Xcode 14.0";
			developmentRegion = en;
			hasScannedForEncodings = 0;
			knownRegions = (
				en,
				Base,
			);
			mainGroup = 86C0F0492CDA410800A61EB7;
			packageReferences = (
				86C0F0692CDA41CC00A61EB7 /* XCRemoteSwiftPackageReference "realm-swift" */,
			);
			productRefGroup = 86C0F0492CDA410800A61EB7;
			projectDirPath = "";
			projectRoot = "";
			targets = (
				86C0F0512CDA410800A61EB7 /* BankingApp */,
			);
		};
/* End PBXProject section */

/* Begin PBXResourcesBuildPhase section */
		86C0F0502CDA410800A61EB7 /* Resources */ = {
			isa = PBXResourcesBuildPhase;
			buildActionMask = 2147483647;
			files = (
				86C0F05F2CDA410900A61EB7 /* Assets.xcassets in Resources */,
				867FC2E12CDB8E7500E8B4E0 /* Colors.xcassets in Resources */,
			);
			runOnlyForDeploymentPostprocessing = 0;
		};
/* End PBXResourcesBuildPhase section */

/* Begin PBXSourcesBuildPhase section */
		86C0F04E2CDA410800A61EB7 /* Sources */ = {
			isa = PBXSourcesBuildPhase;
			buildActionMask = 2147483647;
			files = (
				86C0F05A2CDA410800A61EB7 /* RegisterController.swift in Sources */,
				86C0F0742CDA66C700A61EB7 /* BaseViewController.swift in Sources */,
				86C0F0562CDA410800A61EB7 /* AppDelegate.swift in Sources */,
				86C0F07C2CDA861700A61EB7 /* Extension.swift in Sources */,
				86C0F0582CDA410800A61EB7 /* SceneDelegate.swift in Sources */,
				86C0F0762CDA823600A61EB7 /* Register.swift in Sources */,
				867FC2ED2CDB8FCD00E8B4E0 /* LoginController.swift in Sources */,
			);
			runOnlyForDeploymentPostprocessing = 0;
		};
/* End PBXSourcesBuildPhase section */

/* Begin XCBuildConfiguration section */
		86C0F0642CDA410900A61EB7 /* Debug */ = {
			isa = XCBuildConfiguration;
			buildSettings = {
				ALWAYS_SEARCH_USER_PATHS = NO;
				ASSETCATALOG_COMPILER_GENERATE_SWIFT_ASSET_SYMBOL_EXTENSIONS = YES;
				CLANG_ANALYZER_NONNULL = YES;
				CLANG_ANALYZER_NUMBER_OBJECT_CONVERSION = YES_AGGRESSIVE;
				CLANG_CXX_LANGUAGE_STANDARD = "gnu++20";
				CLANG_ENABLE_MODULES = YES;
				CLANG_ENABLE_OBJC_ARC = YES;
				CLANG_ENABLE_OBJC_WEAK = YES;
				CLANG_WARN_BLOCK_CAPTURE_AUTORELEASING = YES;
				CLANG_WARN_BOOL_CONVERSION = YES;
				CLANG_WARN_COMMA = YES;
				CLANG_WARN_CONSTANT_CONVERSION = YES;
				CLANG_WARN_DEPRECATED_OBJC_IMPLEMENTATIONS = YES;
				CLANG_WARN_DIRECT_OBJC_ISA_USAGE = YES_ERROR;
				CLANG_WARN_DOCUMENTATION_COMMENTS = YES;
				CLANG_WARN_EMPTY_BODY = YES;
				CLANG_WARN_ENUM_CONVERSION = YES;
				CLANG_WARN_INFINITE_RECURSION = YES;
				CLANG_WARN_INT_CONVERSION = YES;
				CLANG_WARN_NON_LITERAL_NULL_CONVERSION = YES;
				CLANG_WARN_OBJC_IMPLICIT_RETAIN_SELF = YES;
				CLANG_WARN_OBJC_LITERAL_CONVERSION = YES;
				CLANG_WARN_OBJC_ROOT_CLASS = YES_ERROR;
				CLANG_WARN_QUOTED_INCLUDE_IN_FRAMEWORK_HEADER = YES;
				CLANG_WARN_RANGE_LOOP_ANALYSIS = YES;
				CLANG_WARN_STRICT_PROTOTYPES = YES;
				CLANG_WARN_SUSPICIOUS_MOVE = YES;
				CLANG_WARN_UNGUARDED_AVAILABILITY = YES_AGGRESSIVE;
				CLANG_WARN_UNREACHABLE_CODE = YES;
				CLANG_WARN__DUPLICATE_METHOD_MATCH = YES;
				COPY_PHASE_STRIP = NO;
				DEBUG_INFORMATION_FORMAT = dwarf;
				ENABLE_STRICT_OBJC_MSGSEND = YES;
				ENABLE_TESTABILITY = YES;
				ENABLE_USER_SCRIPT_SANDBOXING = YES;
				GCC_C_LANGUAGE_STANDARD = gnu17;
				GCC_DYNAMIC_NO_PIC = NO;
				GCC_NO_COMMON_BLOCKS = YES;
				GCC_OPTIMIZATION_LEVEL = 0;
				GCC_PREPROCESSOR_DEFINITIONS = (
					"DEBUG=1",
					"$(inherited)",
				);
				GCC_WARN_64_TO_32_BIT_CONVERSION = YES;
				GCC_WARN_ABOUT_RETURN_TYPE = YES_ERROR;
				GCC_WARN_UNDECLARED_SELECTOR = YES;
				GCC_WARN_UNINITIALIZED_AUTOS = YES_AGGRESSIVE;
				GCC_WARN_UNUSED_FUNCTION = YES;
				GCC_WARN_UNUSED_VARIABLE = YES;
				IPHONEOS_DEPLOYMENT_TARGET = 17.5;
				LOCALIZATION_PREFERS_STRING_CATALOGS = YES;
				MTL_ENABLE_DEBUG_INFO = INCLUDE_SOURCE;
				MTL_FAST_MATH = YES;
				ONLY_ACTIVE_ARCH = YES;
				SDKROOT = iphoneos;
				SWIFT_ACTIVE_COMPILATION_CONDITIONS = "DEBUG $(inherited)";
				SWIFT_OPTIMIZATION_LEVEL = "-Onone";
			};
			name = Debug;
		};
		86C0F0652CDA410900A61EB7 /* Release */ = {
			isa = XCBuildConfiguration;
			buildSettings = {
				ALWAYS_SEARCH_USER_PATHS = NO;
				ASSETCATALOG_COMPILER_GENERATE_SWIFT_ASSET_SYMBOL_EXTENSIONS = YES;
				CLANG_ANALYZER_NONNULL = YES;
				CLANG_ANALYZER_NUMBER_OBJECT_CONVERSION = YES_AGGRESSIVE;
				CLANG_CXX_LANGUAGE_STANDARD = "gnu++20";
				CLANG_ENABLE_MODULES = YES;
				CLANG_ENABLE_OBJC_ARC = YES;
				CLANG_ENABLE_OBJC_WEAK = YES;
				CLANG_WARN_BLOCK_CAPTURE_AUTORELEASING = YES;
				CLANG_WARN_BOOL_CONVERSION = YES;
				CLANG_WARN_COMMA = YES;
				CLANG_WARN_CONSTANT_CONVERSION = YES;
				CLANG_WARN_DEPRECATED_OBJC_IMPLEMENTATIONS = YES;
				CLANG_WARN_DIRECT_OBJC_ISA_USAGE = YES_ERROR;
				CLANG_WARN_DOCUMENTATION_COMMENTS = YES;
				CLANG_WARN_EMPTY_BODY = YES;
				CLANG_WARN_ENUM_CONVERSION = YES;
				CLANG_WARN_INFINITE_RECURSION = YES;
				CLANG_WARN_INT_CONVERSION = YES;
				CLANG_WARN_NON_LITERAL_NULL_CONVERSION = YES;
				CLANG_WARN_OBJC_IMPLICIT_RETAIN_SELF = YES;
				CLANG_WARN_OBJC_LITERAL_CONVERSION = YES;
				CLANG_WARN_OBJC_ROOT_CLASS = YES_ERROR;
				CLANG_WARN_QUOTED_INCLUDE_IN_FRAMEWORK_HEADER = YES;
				CLANG_WARN_RANGE_LOOP_ANALYSIS = YES;
				CLANG_WARN_STRICT_PROTOTYPES = YES;
				CLANG_WARN_SUSPICIOUS_MOVE = YES;
				CLANG_WARN_UNGUARDED_AVAILABILITY = YES_AGGRESSIVE;
				CLANG_WARN_UNREACHABLE_CODE = YES;
				CLANG_WARN__DUPLICATE_METHOD_MATCH = YES;
				COPY_PHASE_STRIP = NO;
				DEBUG_INFORMATION_FORMAT = "dwarf-with-dsym";
				ENABLE_NS_ASSERTIONS = NO;
				ENABLE_STRICT_OBJC_MSGSEND = YES;
				ENABLE_USER_SCRIPT_SANDBOXING = YES;
				GCC_C_LANGUAGE_STANDARD = gnu17;
				GCC_NO_COMMON_BLOCKS = YES;
				GCC_WARN_64_TO_32_BIT_CONVERSION = YES;
				GCC_WARN_ABOUT_RETURN_TYPE = YES_ERROR;
				GCC_WARN_UNDECLARED_SELECTOR = YES;
				GCC_WARN_UNINITIALIZED_AUTOS = YES_AGGRESSIVE;
				GCC_WARN_UNUSED_FUNCTION = YES;
				GCC_WARN_UNUSED_VARIABLE = YES;
				IPHONEOS_DEPLOYMENT_TARGET = 17.5;
				LOCALIZATION_PREFERS_STRING_CATALOGS = YES;
				MTL_ENABLE_DEBUG_INFO = NO;
				MTL_FAST_MATH = YES;
				SDKROOT = iphoneos;
				SWIFT_COMPILATION_MODE = wholemodule;
				VALIDATE_PRODUCT = YES;
			};
			name = Release;
		};
		86C0F0672CDA410900A61EB7 /* Debug */ = {
			isa = XCBuildConfiguration;
			buildSettings = {
				ASSETCATALOG_COMPILER_APPICON_NAME = AppIcon;
				ASSETCATALOG_COMPILER_GLOBAL_ACCENT_COLOR_NAME = AccentColor;
				CODE_SIGN_STYLE = Automatic;
				CURRENT_PROJECT_VERSION = 1;
				GENERATE_INFOPLIST_FILE = YES;
				INFOPLIST_FILE = BankingApp/Info.plist;
				INFOPLIST_KEY_UIApplicationSupportsIndirectInputEvents = YES;
				INFOPLIST_KEY_UILaunchStoryboardName = LaunchScreen;
				INFOPLIST_KEY_UISupportedInterfaceOrientations_iPad = "UIInterfaceOrientationPortrait UIInterfaceOrientationPortraitUpsideDown UIInterfaceOrientationLandscapeLeft UIInterfaceOrientationLandscapeRight";
				INFOPLIST_KEY_UISupportedInterfaceOrientations_iPhone = "UIInterfaceOrientationPortrait UIInterfaceOrientationLandscapeLeft UIInterfaceOrientationLandscapeRight";
				IPHONEOS_DEPLOYMENT_TARGET = 17.5;
				LD_RUNPATH_SEARCH_PATHS = (
					"$(inherited)",
					"@executable_path/Frameworks",
				);
				MARKETING_VERSION = 1.0;
				PRODUCT_BUNDLE_IDENTIFIER = com.atl.BankingApp;
				PRODUCT_NAME = "$(TARGET_NAME)";
				SUPPORTED_PLATFORMS = "iphoneos iphonesimulator";
				SUPPORTS_MACCATALYST = NO;
				SUPPORTS_MAC_DESIGNED_FOR_IPHONE_IPAD = NO;
				SUPPORTS_XR_DESIGNED_FOR_IPHONE_IPAD = NO;
				SWIFT_EMIT_LOC_STRINGS = YES;
				SWIFT_VERSION = 5.0;
				TARGETED_DEVICE_FAMILY = "1,2";
			};
			name = Debug;
		};
		86C0F0682CDA410900A61EB7 /* Release */ = {
			isa = XCBuildConfiguration;
			buildSettings = {
				ASSETCATALOG_COMPILER_APPICON_NAME = AppIcon;
				ASSETCATALOG_COMPILER_GLOBAL_ACCENT_COLOR_NAME = AccentColor;
				CODE_SIGN_STYLE = Automatic;
				CURRENT_PROJECT_VERSION = 1;
				GENERATE_INFOPLIST_FILE = YES;
				INFOPLIST_FILE = BankingApp/Info.plist;
				INFOPLIST_KEY_UIApplicationSupportsIndirectInputEvents = YES;
				INFOPLIST_KEY_UILaunchStoryboardName = LaunchScreen;
				INFOPLIST_KEY_UISupportedInterfaceOrientations_iPad = "UIInterfaceOrientationPortrait UIInterfaceOrientationPortraitUpsideDown UIInterfaceOrientationLandscapeLeft UIInterfaceOrientationLandscapeRight";
				INFOPLIST_KEY_UISupportedInterfaceOrientations_iPhone = "UIInterfaceOrientationPortrait UIInterfaceOrientationLandscapeLeft UIInterfaceOrientationLandscapeRight";
				IPHONEOS_DEPLOYMENT_TARGET = 17.5;
				LD_RUNPATH_SEARCH_PATHS = (
					"$(inherited)",
					"@executable_path/Frameworks",
				);
				MARKETING_VERSION = 1.0;
				PRODUCT_BUNDLE_IDENTIFIER = com.atl.BankingApp;
				PRODUCT_NAME = "$(TARGET_NAME)";
				SUPPORTED_PLATFORMS = "iphoneos iphonesimulator";
				SUPPORTS_MACCATALYST = NO;
				SUPPORTS_MAC_DESIGNED_FOR_IPHONE_IPAD = NO;
				SUPPORTS_XR_DESIGNED_FOR_IPHONE_IPAD = NO;
				SWIFT_EMIT_LOC_STRINGS = YES;
				SWIFT_VERSION = 5.0;
				TARGETED_DEVICE_FAMILY = "1,2";
			};
			name = Release;
		};
/* End XCBuildConfiguration section */

/* Begin XCConfigurationList section */
		86C0F04D2CDA410800A61EB7 /* Build configuration list for PBXProject "BankingApp" */ = {
			isa = XCConfigurationList;
			buildConfigurations = (
				86C0F0642CDA410900A61EB7 /* Debug */,
				86C0F0652CDA410900A61EB7 /* Release */,
			);
			defaultConfigurationIsVisible = 0;
			defaultConfigurationName = Release;
		};
		86C0F0662CDA410900A61EB7 /* Build configuration list for PBXNativeTarget "BankingApp" */ = {
			isa = XCConfigurationList;
			buildConfigurations = (
				86C0F0672CDA410900A61EB7 /* Debug */,
				86C0F0682CDA410900A61EB7 /* Release */,
			);
			defaultConfigurationIsVisible = 0;
			defaultConfigurationName = Release;
		};
/* End XCConfigurationList section */

/* Begin XCRemoteSwiftPackageReference section */
		86C0F0692CDA41CC00A61EB7 /* XCRemoteSwiftPackageReference "realm-swift" */ = {
			isa = XCRemoteSwiftPackageReference;
			repositoryURL = "https://github.com/realm/realm-swift.git";
			requirement = {
				branch = master;
				kind = branch;
			};
		};
/* End XCRemoteSwiftPackageReference section */

/* Begin XCSwiftPackageProductDependency section */
		86C0F06F2CDA634700A61EB7 /* RealmSwift */ = {
			isa = XCSwiftPackageProductDependency;
			package = 86C0F0692CDA41CC00A61EB7 /* XCRemoteSwiftPackageReference "realm-swift" */;
			productName = RealmSwift;
		};
/* End XCSwiftPackageProductDependency section */
	};
	rootObject = 86C0F04A2CDA410800A61EB7 /* Project object */;
}
